
Microsoft Visual Studio Solution File, Format Version 12.00
# Visual Studio Version 16
VisualStudioVersion = 16.0.31605.320
MinimumVisualStudioVersion = 10.0.40219.1
Project("{2150E333-8FDC-42A3-9474-1A3956D46DE8}") = "Services", "Services", "{1516A656-4099-4D1D-B31E-5A112A8D767C}"
EndProject
Project("{2150E333-8FDC-42A3-9474-1A3956D46DE8}") = "Catalog", "Catalog", "{F6B60B65-2698-4664-A3A1-408415306B53}"
EndProject
Project("{9A19103F-16F7-4668-BE54-9A1E7A4F7556}") = "Catalog.API", "Services\Catalog\Catalog.API\Catalog.API.csproj", "{08BC47AF-C03A-4AB5-949F-A7AA1D1A7EE2}"
EndProject
Project("{E53339B2-1760-4266-BCC7-CA923CBCF16C}") = "docker-compose", "docker-compose.dcproj", "{3FC925E5-773B-4167-83E1-D03B2FB43888}"
EndProject
Project("{2150E333-8FDC-42A3-9474-1A3956D46DE8}") = "Basket", "Basket", "{064364AC-3FC6-4086-B8B4-ADA56806D1FF}"
EndProject
Project("{9A19103F-16F7-4668-BE54-9A1E7A4F7556}") = "Basket.API", "Services\Basket\Basket.API\Basket.API.csproj", "{5F830B76-AA64-4659-9934-C419FB1ED3CF}"
EndProject
Project("{2150E333-8FDC-42A3-9474-1A3956D46DE8}") = "Discount", "Discount", "{92BB6D4D-2852-4C8B-B3FF-7FF84BB9294D}"
EndProject
Project("{9A19103F-16F7-4668-BE54-9A1E7A4F7556}") = "Discount.API", "Services\Discount\Discount.API\Discount.API.csproj", "{F83BC67A-18BD-45B3-82A0-4F788974E168}"
EndProject
Project("{9A19103F-16F7-4668-BE54-9A1E7A4F7556}") = "Discount.Grpc", "Services\Discount\Discount.Grpc\Discount.Grpc.csproj", "{B27C8D76-3EE4-47BB-A3AA-5AEC556440D9}"
EndProject
Project("{2150E333-8FDC-42A3-9474-1A3956D46DE8}") = "Ordering", "Ordering", "{EC9DFA51-F0A6-4CAA-A4DD-F5EA2E3DCDD9}"
EndProject
Project("{9A19103F-16F7-4668-BE54-9A1E7A4F7556}") = "Ordering.API", "Services\Ordering\Ordering.API\Ordering.API.csproj", "{0B8B1237-A5CD-4F7E-9FB4-997766163FA1}"
EndProject
Project("{9A19103F-16F7-4668-BE54-9A1E7A4F7556}") = "Ordering.Domain", "Services\Ordering\Ordering.Domain\Ordering.Domain.csproj", "{1ADA0CC4-3471-41CA-91D9-DF3F0B158781}"
EndProject
Project("{9A19103F-16F7-4668-BE54-9A1E7A4F7556}") = "Ordering.Infrastructure", "Services\Ordering\Ordering.Infrastructure\Ordering.Infrastructure.csproj", "{E694C35A-9D3D-44A7-BF4F-608C6E1B4A5E}"
EndProject
Project("{9A19103F-16F7-4668-BE54-9A1E7A4F7556}") = "Ordering.Application", "Services\Ordering\Ordering.Application\Ordering.Application.csproj", "{E0266681-C71C-4671-BBEC-E874DC089482}"
EndProject
Project("{2150E333-8FDC-42A3-9474-1A3956D46DE8}") = "BuildingBlocks", "BuildingBlocks", "{B161A738-F6D9-4C53-835B-1C99591468EE}"
EndProject
Project("{9A19103F-16F7-4668-BE54-9A1E7A4F7556}") = "EventBus.Messages", "BuildingBlocks\EventBus.Messages\EventBus.Messages.csproj", "{AA6DD05C-996C-4E49-98CE-C53E3D560B7A}"
EndProject
Project("{2150E333-8FDC-42A3-9474-1A3956D46DE8}") = "ApiGateways", "ApiGateways", "{88D51387-36A0-4988-98A4-0A32A7D4A408}"
EndProject
Project("{9A19103F-16F7-4668-BE54-9A1E7A4F7556}") = "OcelotApiGw", "ApiGateways\OcelotApiGw\OcelotApiGw.csproj", "{44D9E2F8-653D-414F-B721-1FB02E031829}"
EndProject
Project("{FAE04EC0-301F-11D3-BF4B-00C04F79EFBC}") = "Shoping.Aggregator", "ApiGateways\Shoping.Aggregator\Shoping.Aggregator.csproj", "{D1D531B7-FE9E-4AA7-8892-FFEF33237FC2}"
EndProject
Global
	GlobalSection(SolutionConfigurationPlatforms) = preSolution
		Debug|Any CPU = Debug|Any CPU
		Release|Any CPU = Release|Any CPU
	EndGlobalSection
	GlobalSection(ProjectConfigurationPlatforms) = postSolution
		{08BC47AF-C03A-4AB5-949F-A7AA1D1A7EE2}.Debug|Any CPU.ActiveCfg = Debug|Any CPU
		{08BC47AF-C03A-4AB5-949F-A7AA1D1A7EE2}.Debug|Any CPU.Build.0 = Debug|Any CPU
		{08BC47AF-C03A-4AB5-949F-A7AA1D1A7EE2}.Release|Any CPU.ActiveCfg = Release|Any CPU
		{08BC47AF-C03A-4AB5-949F-A7AA1D1A7EE2}.Release|Any CPU.Build.0 = Release|Any CPU
		{3FC925E5-773B-4167-83E1-D03B2FB43888}.Debug|Any CPU.ActiveCfg = Debug|Any CPU
		{3FC925E5-773B-4167-83E1-D03B2FB43888}.Debug|Any CPU.Build.0 = Debug|Any CPU
		{3FC925E5-773B-4167-83E1-D03B2FB43888}.Release|Any CPU.ActiveCfg = Release|Any CPU
		{3FC925E5-773B-4167-83E1-D03B2FB43888}.Release|Any CPU.Build.0 = Release|Any CPU
		{5F830B76-AA64-4659-9934-C419FB1ED3CF}.Debug|Any CPU.ActiveCfg = Debug|Any CPU
		{5F830B76-AA64-4659-9934-C419FB1ED3CF}.Debug|Any CPU.Build.0 = Debug|Any CPU
		{5F830B76-AA64-4659-9934-C419FB1ED3CF}.Release|Any CPU.ActiveCfg = Release|Any CPU
		{5F830B76-AA64-4659-9934-C419FB1ED3CF}.Release|Any CPU.Build.0 = Release|Any CPU
		{F83BC67A-18BD-45B3-82A0-4F788974E168}.Debug|Any CPU.ActiveCfg = Debug|Any CPU
		{F83BC67A-18BD-45B3-82A0-4F788974E168}.Debug|Any CPU.Build.0 = Debug|Any CPU
		{F83BC67A-18BD-45B3-82A0-4F788974E168}.Release|Any CPU.ActiveCfg = Release|Any CPU
		{F83BC67A-18BD-45B3-82A0-4F788974E168}.Release|Any CPU.Build.0 = Release|Any CPU
		{B27C8D76-3EE4-47BB-A3AA-5AEC556440D9}.Debug|Any CPU.ActiveCfg = Debug|Any CPU
		{B27C8D76-3EE4-47BB-A3AA-5AEC556440D9}.Debug|Any CPU.Build.0 = Debug|Any CPU
		{B27C8D76-3EE4-47BB-A3AA-5AEC556440D9}.Release|Any CPU.ActiveCfg = Release|Any CPU
		{B27C8D76-3EE4-47BB-A3AA-5AEC556440D9}.Release|Any CPU.Build.0 = Release|Any CPU
		{0B8B1237-A5CD-4F7E-9FB4-997766163FA1}.Debug|Any CPU.ActiveCfg = Debug|Any CPU
		{0B8B1237-A5CD-4F7E-9FB4-997766163FA1}.Debug|Any CPU.Build.0 = Debug|Any CPU
		{0B8B1237-A5CD-4F7E-9FB4-997766163FA1}.Release|Any CPU.ActiveCfg = Release|Any CPU
		{0B8B1237-A5CD-4F7E-9FB4-997766163FA1}.Release|Any CPU.Build.0 = Release|Any CPU
		{1ADA0CC4-3471-41CA-91D9-DF3F0B158781}.Debug|Any CPU.ActiveCfg = Debug|Any CPU
		{1ADA0CC4-3471-41CA-91D9-DF3F0B158781}.Debug|Any CPU.Build.0 = Debug|Any CPU
		{1ADA0CC4-3471-41CA-91D9-DF3F0B158781}.Release|Any CPU.ActiveCfg = Release|Any CPU
		{1ADA0CC4-3471-41CA-91D9-DF3F0B158781}.Release|Any CPU.Build.0 = Release|Any CPU
		{E694C35A-9D3D-44A7-BF4F-608C6E1B4A5E}.Debug|Any CPU.ActiveCfg = Debug|Any CPU
		{E694C35A-9D3D-44A7-BF4F-608C6E1B4A5E}.Debug|Any CPU.Build.0 = Debug|Any CPU
		{E694C35A-9D3D-44A7-BF4F-608C6E1B4A5E}.Release|Any CPU.ActiveCfg = Release|Any CPU
		{E694C35A-9D3D-44A7-BF4F-608C6E1B4A5E}.Release|Any CPU.Build.0 = Release|Any CPU
		{E0266681-C71C-4671-BBEC-E874DC089482}.Debug|Any CPU.ActiveCfg = Debug|Any CPU
		{E0266681-C71C-4671-BBEC-E874DC089482}.Debug|Any CPU.Build.0 = Debug|Any CPU
		{E0266681-C71C-4671-BBEC-E874DC089482}.Release|Any CPU.ActiveCfg = Release|Any CPU
		{E0266681-C71C-4671-BBEC-E874DC089482}.Release|Any CPU.Build.0 = Release|Any CPU
		{AA6DD05C-996C-4E49-98CE-C53E3D560B7A}.Debug|Any CPU.ActiveCfg = Debug|Any CPU
		{AA6DD05C-996C-4E49-98CE-C53E3D560B7A}.Debug|Any CPU.Build.0 = Debug|Any CPU
		{AA6DD05C-996C-4E49-98CE-C53E3D560B7A}.Release|Any CPU.ActiveCfg = Release|Any CPU
		{AA6DD05C-996C-4E49-98CE-C53E3D560B7A}.Release|Any CPU.Build.0 = Release|Any CPU
		{44D9E2F8-653D-414F-B721-1FB02E031829}.Debug|Any CPU.ActiveCfg = Debug|Any CPU
		{44D9E2F8-653D-414F-B721-1FB02E031829}.Debug|Any CPU.Build.0 = Debug|Any CPU
		{44D9E2F8-653D-414F-B721-1FB02E031829}.Release|Any CPU.ActiveCfg = Release|Any CPU
		{44D9E2F8-653D-414F-B721-1FB02E031829}.Release|Any CPU.Build.0 = Release|Any CPU
		{D1D531B7-FE9E-4AA7-8892-FFEF33237FC2}.Debug|Any CPU.ActiveCfg = Debug|Any CPU
		{D1D531B7-FE9E-4AA7-8892-FFEF33237FC2}.Debug|Any CPU.Build.0 = Debug|Any CPU
		{D1D531B7-FE9E-4AA7-8892-FFEF33237FC2}.Release|Any CPU.ActiveCfg = Release|Any CPU
		{D1D531B7-FE9E-4AA7-8892-FFEF33237FC2}.Release|Any CPU.Build.0 = Release|Any CPU
	EndGlobalSection
	GlobalSection(SolutionProperties) = preSolution
		HideSolutionNode = FALSE
	EndGlobalSection
	GlobalSection(NestedProjects) = preSolution
		{F6B60B65-2698-4664-A3A1-408415306B53} = {1516A656-4099-4D1D-B31E-5A112A8D767C}
		{08BC47AF-C03A-4AB5-949F-A7AA1D1A7EE2} = {F6B60B65-2698-4664-A3A1-408415306B53}
		{064364AC-3FC6-4086-B8B4-ADA56806D1FF} = {1516A656-4099-4D1D-B31E-5A112A8D767C}
		{5F830B76-AA64-4659-9934-C419FB1ED3CF} = {064364AC-3FC6-4086-B8B4-ADA56806D1FF}
		{92BB6D4D-2852-4C8B-B3FF-7FF84BB9294D} = {1516A656-4099-4D1D-B31E-5A112A8D767C}
		{F83BC67A-18BD-45B3-82A0-4F788974E168} = {92BB6D4D-2852-4C8B-B3FF-7FF84BB9294D}
		{B27C8D76-3EE4-47BB-A3AA-5AEC556440D9} = {92BB6D4D-2852-4C8B-B3FF-7FF84BB9294D}
		{EC9DFA51-F0A6-4CAA-A4DD-F5EA2E3DCDD9} = {1516A656-4099-4D1D-B31E-5A112A8D767C}
		{0B8B1237-A5CD-4F7E-9FB4-997766163FA1} = {EC9DFA51-F0A6-4CAA-A4DD-F5EA2E3DCDD9}
		{1ADA0CC4-3471-41CA-91D9-DF3F0B158781} = {EC9DFA51-F0A6-4CAA-A4DD-F5EA2E3DCDD9}
		{E694C35A-9D3D-44A7-BF4F-608C6E1B4A5E} = {EC9DFA51-F0A6-4CAA-A4DD-F5EA2E3DCDD9}
		{E0266681-C71C-4671-BBEC-E874DC089482} = {EC9DFA51-F0A6-4CAA-A4DD-F5EA2E3DCDD9}
		{AA6DD05C-996C-4E49-98CE-C53E3D560B7A} = {B161A738-F6D9-4C53-835B-1C99591468EE}
		{44D9E2F8-653D-414F-B721-1FB02E031829} = {88D51387-36A0-4988-98A4-0A32A7D4A408}
		{D1D531B7-FE9E-4AA7-8892-FFEF33237FC2} = {88D51387-36A0-4988-98A4-0A32A7D4A408}
	EndGlobalSection
	GlobalSection(ExtensibilityGlobals) = postSolution
		SolutionGuid = {A14039F4-3455-47E4-A67B-991813513464}
	EndGlobalSection
EndGlobal
